
Microsoft Visual Studio Solution File, Format Version 12.00
# Visual Studio Version 16
VisualStudioVersion = 16.0.29001.49
MinimumVisualStudioVersion = 10.0.40219.1
Project("{9A19103F-16F7-4668-BE54-9A1E7A4F7556}") = "Plugins", "Plugins\Plugins.csproj", "{2220C0D7-BDD0-411C-8220-2F60FEA89CB2}"
EndProject
Project("{9A19103F-16F7-4668-BE54-9A1E7A4F7556}") = "Plugins.Tests", "Plugins.Tests\Plugins.Tests.csproj", "{CE1BCABF-30D3-4599-BF1B-BAFDFEB246DC}"
EndProject
Project("{FAE04EC0-301F-11D3-BF4B-00C04F79EFBC}") = "ScheduleCalculationTests", "ScheduleCalculationTests\ScheduleCalculationTests.csproj", "{DCA95E5A-4710-4C47-97AC-829BACED4740}"
EndProject
Global
	GlobalSection(SolutionConfigurationPlatforms) = preSolution
		Debug|Any CPU = Debug|Any CPU
		Release|Any CPU = Release|Any CPU
	EndGlobalSection
	GlobalSection(ProjectConfigurationPlatforms) = postSolution
		{2220C0D7-BDD0-411C-8220-2F60FEA89CB2}.Debug|Any CPU.ActiveCfg = Debug|Any CPU
		{2220C0D7-BDD0-411C-8220-2F60FEA89CB2}.Debug|Any CPU.Build.0 = Debug|Any CPU
		{2220C0D7-BDD0-411C-8220-2F60FEA89CB2}.Release|Any CPU.ActiveCfg = Release|Any CPU
		{2220C0D7-BDD0-411C-8220-2F60FEA89CB2}.Release|Any CPU.Build.0 = Release|Any CPU
		{CE1BCABF-30D3-4599-BF1B-BAFDFEB246DC}.Debug|Any CPU.ActiveCfg = Debug|Any CPU
		{CE1BCABF-30D3-4599-BF1B-BAFDFEB246DC}.Debug|Any CPU.Build.0 = Debug|Any CPU
		{CE1BCABF-30D3-4599-BF1B-BAFDFEB246DC}.Release|Any CPU.ActiveCfg = Release|Any CPU
		{CE1BCABF-30D3-4599-BF1B-BAFDFEB246DC}.Release|Any CPU.Build.0 = Release|Any CPU
		{DCA95E5A-4710-4C47-97AC-829BACED4740}.Debug|Any CPU.ActiveCfg = Debug|Any CPU
		{DCA95E5A-4710-4C47-97AC-829BACED4740}.Debug|Any CPU.Build.0 = Debug|Any CPU
		{DCA95E5A-4710-4C47-97AC-829BACED4740}.Release|Any CPU.ActiveCfg = Release|Any CPU
		{DCA95E5A-4710-4C47-97AC-829BACED4740}.Release|Any CPU.Build.0 = Release|Any CPU
	EndGlobalSection
	GlobalSection(SolutionProperties) = preSolution
		HideSolutionNode = FALSE
	EndGlobalSection
	GlobalSection(ExtensibilityGlobals) = postSolution
		SolutionGuid = {1CFDD469-6DA8-457D-8CAE-5B4A615EE45F}
	EndGlobalSection
EndGlobal
